// !$*UTF8*$!
{
	archiveVersion = 1;
	classes = {
	};
	objectVersion = 46;
	objects = {

/* Begin PBXBuildFile section */
		37AF241A1A8C22C600BCA497 /* AppDelegate.swift in Sources */ = {isa = PBXBuildFile; fileRef = 37AF24191A8C22C600BCA497 /* AppDelegate.swift */; };
		37AF241C1A8C22C600BCA497 /* ViewController.swift in Sources */ = {isa = PBXBuildFile; fileRef = 37AF241B1A8C22C600BCA497 /* ViewController.swift */; };
		37AF241F1A8C22C600BCA497 /* Main.storyboard in Resources */ = {isa = PBXBuildFile; fileRef = 37AF241D1A8C22C600BCA497 /* Main.storyboard */; };
		37AF24211A8C22C600BCA497 /* Images.xcassets in Resources */ = {isa = PBXBuildFile; fileRef = 37AF24201A8C22C600BCA497 /* Images.xcassets */; };
		37AF24241A8C22C600BCA497 /* LaunchScreen.xib in Resources */ = {isa = PBXBuildFile; fileRef = 37AF24221A8C22C600BCA497 /* LaunchScreen.xib */; };
		37AF24301A8C22C600BCA497 /* SidewinderTests.swift in Sources */ = {isa = PBXBuildFile; fileRef = 37AF242F1A8C22C600BCA497 /* SidewinderTests.swift */; };
/* End PBXBuildFile section */

/* Begin PBXContainerItemProxy section */
		37AF242A1A8C22C600BCA497 /* PBXContainerItemProxy */ = {
			isa = PBXContainerItemProxy;
			containerPortal = 37AF240C1A8C22C600BCA497 /* Project object */;
			proxyType = 1;
			remoteGlobalIDString = 37AF24131A8C22C600BCA497;
			remoteInfo = Sidewinder;
		};
/* End PBXContainerItemProxy section */

/* Begin PBXFileReference section */
		37AF24141A8C22C600BCA497 /* Sidewinder.app */ = {isa = PBXFileReference; explicitFileType = wrapper.application; includeInIndex = 0; path = Sidewinder.app; sourceTree = BUILT_PRODUCTS_DIR; };
		37AF24181A8C22C600BCA497 /* Info.plist */ = {isa = PBXFileReference; lastKnownFileType = text.plist.xml; path = Info.plist; sourceTree = "<group>"; };
		37AF24191A8C22C600BCA497 /* AppDelegate.swift */ = {isa = PBXFileReference; lastKnownFileType = sourcecode.swift; path = AppDelegate.swift; sourceTree = "<group>"; };
		37AF241B1A8C22C600BCA497 /* ViewController.swift */ = {isa = PBXFileReference; lastKnownFileType = sourcecode.swift; path = ViewController.swift; sourceTree = "<group>"; };
		37AF241E1A8C22C600BCA497 /* Base */ = {isa = PBXFileReference; lastKnownFileType = file.storyboard; name = Base; path = Base.lproj/Main.storyboard; sourceTree = "<group>"; };
		37AF24201A8C22C600BCA497 /* Images.xcassets */ = {isa = PBXFileReference; lastKnownFileType = folder.assetcatalog; path = Images.xcassets; sourceTree = "<group>"; };
		37AF24231A8C22C600BCA497 /* Base */ = {isa = PBXFileReference; lastKnownFileType = file.xib; name = Base; path = Base.lproj/LaunchScreen.xib; sourceTree = "<group>"; };
		37AF24291A8C22C600BCA497 /* SidewinderTests.xctest */ = {isa = PBXFileReference; explicitFileType = wrapper.cfbundle; includeInIndex = 0; path = SidewinderTests.xctest; sourceTree = BUILT_PRODUCTS_DIR; };
		37AF242E1A8C22C600BCA497 /* Info.plist */ = {isa = PBXFileReference; lastKnownFileType = text.plist.xml; path = Info.plist; sourceTree = "<group>"; };
		37AF242F1A8C22C600BCA497 /* SidewinderTests.swift */ = {isa = PBXFileReference; lastKnownFileType = sourcecode.swift; path = SidewinderTests.swift; sourceTree = "<group>"; };
/* End PBXFileReference section */

/* Begin PBXFrameworksBuildPhase section */
		37AF24111A8C22C600BCA497 /* Frameworks */ = {
			isa = PBXFrameworksBuildPhase;
			buildActionMask = 2147483647;
			files = (
			);
			runOnlyForDeploymentPostprocessing = 0;
		};
		37AF24261A8C22C600BCA497 /* Frameworks */ = {
			isa = PBXFrameworksBuildPhase;
			buildActionMask = 2147483647;
			files = (
			);
			runOnlyForDeploymentPostprocessing = 0;
		};
/* End PBXFrameworksBuildPhase section */

/* Begin PBXGroup section */
		37AF240B1A8C22C600BCA497 = {
			isa = PBXGroup;
			children = (
				37AF24161A8C22C600BCA497 /* Sidewinder */,
				37AF242C1A8C22C600BCA497 /* SidewinderTests */,
				37AF24151A8C22C600BCA497 /* Products */,
			);
			sourceTree = "<group>";
		};
		37AF24151A8C22C600BCA497 /* Products */ = {
			isa = PBXGroup;
			children = (
				37AF24141A8C22C600BCA497 /* Sidewinder.app */,
				37AF24291A8C22C600BCA497 /* SidewinderTests.xctest */,
			);
			name = Products;
			sourceTree = "<group>";
		};
		37AF24161A8C22C600BCA497 /* Sidewinder */ = {
			isa = PBXGroup;
			children = (
				37AF24191A8C22C600BCA497 /* AppDelegate.swift */,
				37AF241B1A8C22C600BCA497 /* ViewController.swift */,
				37AF241D1A8C22C600BCA497 /* Main.storyboard */,
				37AF24201A8C22C600BCA497 /* Images.xcassets */,
				37AF24221A8C22C600BCA497 /* LaunchScreen.xib */,
				37AF24171A8C22C600BCA497 /* Supporting Files */,
			);
			path = Sidewinder;
			sourceTree = "<group>";
		};
		37AF24171A8C22C600BCA497 /* Supporting Files */ = {
			isa = PBXGroup;
			children = (
				37AF24181A8C22C600BCA497 /* Info.plist */,
			);
			name = "Supporting Files";
			sourceTree = "<group>";
		};
		37AF242C1A8C22C600BCA497 /* SidewinderTests */ = {
			isa = PBXGroup;
			children = (
				37AF242F1A8C22C600BCA497 /* SidewinderTests.swift */,
				37AF242D1A8C22C600BCA497 /* Supporting Files */,
			);
			path = SidewinderTests;
			sourceTree = "<group>";
		};
		37AF242D1A8C22C600BCA497 /* Supporting Files */ = {
			isa = PBXGroup;
			children = (
				37AF242E1A8C22C600BCA497 /* Info.plist */,
			);
			name = "Supporting Files";
			sourceTree = "<group>";
		};
/* End PBXGroup section */

/* Begin PBXNativeTarget section */
		37AF24131A8C22C600BCA497 /* Sidewinder */ = {
			isa = PBXNativeTarget;
			buildConfigurationList = 37AF24331A8C22C600BCA497 /* Build configuration list for PBXNativeTarget "Sidewinder" */;
			buildPhases = (
				37AF24101A8C22C600BCA497 /* Sources */,
				37AF24111A8C22C600BCA497 /* Frameworks */,
				37AF24121A8C22C600BCA497 /* Resources */,
			);
			buildRules = (
			);
			dependencies = (
			);
			name = Sidewinder;
			productName = Sidewinder;
			productReference = 37AF24141A8C22C600BCA497 /* Sidewinder.app */;
			productType = "com.apple.product-type.application";
		};
		37AF24281A8C22C600BCA497 /* SidewinderTests */ = {
			isa = PBXNativeTarget;
			buildConfigurationList = 37AF24361A8C22C600BCA497 /* Build configuration list for PBXNativeTarget "SidewinderTests" */;
			buildPhases = (
				37AF24251A8C22C600BCA497 /* Sources */,
				37AF24261A8C22C600BCA497 /* Frameworks */,
				37AF24271A8C22C600BCA497 /* Resources */,
			);
			buildRules = (
			);
			dependencies = (
				37AF242B1A8C22C600BCA497 /* PBXTargetDependency */,
			);
			name = SidewinderTests;
			productName = SidewinderTests;
			productReference = 37AF24291A8C22C600BCA497 /* SidewinderTests.xctest */;
			productType = "com.apple.product-type.bundle.unit-test";
		};
/* End PBXNativeTarget section */

/* Begin PBXProject section */
		37AF240C1A8C22C600BCA497 /* Project object */ = {
			isa = PBXProject;
			attributes = {
				LastUpgradeCheck = 0610;
				ORGANIZATIONNAME = Sidewinder;
				TargetAttributes = {
					37AF24131A8C22C600BCA497 = {
						CreatedOnToolsVersion = 6.1.1;
					};
					37AF24281A8C22C600BCA497 = {
						CreatedOnToolsVersion = 6.1.1;
						TestTargetID = 37AF24131A8C22C600BCA497;
					};
				};
			};
			buildConfigurationList = 37AF240F1A8C22C600BCA497 /* Build configuration list for PBXProject "Sidewinder" */;
			compatibilityVersion = "Xcode 3.2";
			developmentRegion = English;
			hasScannedForEncodings = 0;
			knownRegions = (
				en,
				Base,
			);
			mainGroup = 37AF240B1A8C22C600BCA497;
			productRefGroup = 37AF24151A8C22C600BCA497 /* Products */;
			projectDirPath = "";
			projectRoot = "";
			targets = (
				37AF24131A8C22C600BCA497 /* Sidewinder */,
				37AF24281A8C22C600BCA497 /* SidewinderTests */,
			);
		};
/* End PBXProject section */

/* Begin PBXResourcesBuildPhase section */
		37AF24121A8C22C600BCA497 /* Resources */ = {
			isa = PBXResourcesBuildPhase;
			buildActionMask = 2147483647;
			files = (
				37AF241F1A8C22C600BCA497 /* Main.storyboard in Resources */,
				37AF24241A8C22C600BCA497 /* LaunchScreen.xib in Resources */,
				37AF24211A8C22C600BCA497 /* Images.xcassets in Resources */,
			);
			runOnlyForDeploymentPostprocessing = 0;
		};
		37AF24271A8C22C600BCA497 /* Resources */ = {
			isa = PBXResourcesBuildPhase;
			buildActionMask = 2147483647;
			files = (
			);
			runOnlyForDeploymentPostprocessing = 0;
		};
/* End PBXResourcesBuildPhase section */

/* Begin PBXSourcesBuildPhase section */
		37AF24101A8C22C600BCA497 /* Sources */ = {
			isa = PBXSourcesBuildPhase;
			buildActionMask = 2147483647;
			files = (
				37AF241C1A8C22C600BCA497 /* ViewController.swift in Sources */,
				37AF241A1A8C22C600BCA497 /* AppDelegate.swift in Sources */,
			);
			runOnlyForDeploymentPostprocessing = 0;
		};
		37AF24251A8C22C600BCA497 /* Sources */ = {
			isa = PBXSourcesBuildPhase;
			buildActionMask = 2147483647;
			files = (
				37AF24301A8C22C600BCA497 /* SidewinderTests.swift in Sources */,
			);
			runOnlyForDeploymentPostprocessing = 0;
		};
/* End PBXSourcesBuildPhase section */

/* Begin PBXTargetDependency section */
		37AF242B1A8C22C600BCA497 /* PBXTargetDependency */ = {
			isa = PBXTargetDependency;
			target = 37AF24131A8C22C600BCA497 /* Sidewinder */;
			targetProxy = 37AF242A1A8C22C600BCA497 /* PBXContainerItemProxy */;
		};
/* End PBXTargetDependency section */

/* Begin PBXVariantGroup section */
		37AF241D1A8C22C600BCA497 /* Main.storyboard */ = {
			isa = PBXVariantGroup;
			children = (
				37AF241E1A8C22C600BCA497 /* Base */,
			);
			name = Main.storyboard;
			sourceTree = "<group>";
		};
		37AF24221A8C22C600BCA497 /* LaunchScreen.xib */ = {
			isa = PBXVariantGroup;
			children = (
				37AF24231A8C22C600BCA497 /* Base */,
			);
			name = LaunchScreen.xib;
			sourceTree = "<group>";
		};
/* End PBXVariantGroup section */

/* Begin XCBuildConfiguration section */
		37AF24311A8C22C600BCA497 /* Debug */ = {
			isa = XCBuildConfiguration;
			buildSettings = {
				ALWAYS_SEARCH_USER_PATHS = NO;
				CLANG_CXX_LANGUAGE_STANDARD = "gnu++0x";
				CLANG_CXX_LIBRARY = "libc++";
				CLANG_ENABLE_MODULES = YES;
				CLANG_ENABLE_OBJC_ARC = YES;
				CLANG_WARN_BOOL_CONVERSION = YES;
				CLANG_WARN_CONSTANT_CONVERSION = YES;
				CLANG_WARN_DIRECT_OBJC_ISA_USAGE = YES_ERROR;
				CLANG_WARN_EMPTY_BODY = YES;
				CLANG_WARN_ENUM_CONVERSION = YES;
				CLANG_WARN_INT_CONVERSION = YES;
				CLANG_WARN_OBJC_ROOT_CLASS = YES_ERROR;
				CLANG_WARN_UNREACHABLE_CODE = YES;
				CLANG_WARN__DUPLICATE_METHOD_MATCH = YES;
				"CODE_SIGN_IDENTITY[sdk=iphoneos*]" = "iPhone Developer";
				COPY_PHASE_STRIP = NO;
				ENABLE_STRICT_OBJC_MSGSEND = YES;
				GCC_C_LANGUAGE_STANDARD = gnu99;
				GCC_DYNAMIC_NO_PIC = NO;
				GCC_OPTIMIZATION_LEVEL = 0;
				GCC_PREPROCESSOR_DEFINITIONS = (
					"DEBUG=1",
					"$(inherited)",
				);
				GCC_SYMBOLS_PRIVATE_EXTERN = NO;
				GCC_WARN_64_TO_32_BIT_CONVERSION = YES;
				GCC_WARN_ABOUT_RETURN_TYPE = YES_ERROR;
				GCC_WARN_UNDECLARED_SELECTOR = YES;
				GCC_WARN_UNINITIALIZED_AUTOS = YES_AGGRESSIVE;
				GCC_WARN_UNUSED_FUNCTION = YES;
				GCC_WARN_UNUSED_VARIABLE = YES;
				IPHONEOS_DEPLOYMENT_TARGET = 8.1;
				MTL_ENABLE_DEBUG_INFO = YES;
				ONLY_ACTIVE_ARCH = YES;
				SDKROOT = iphoneos;
				SWIFT_OPTIMIZATION_LEVEL = "-Onone";
				TARGETED_DEVICE_FAMILY = "1,2";
			};
			name = Debug;
		};
		37AF24321A8C22C600BCA497 /* Release */ = {
			isa = XCBuildConfiguration;
			buildSettings = {
				ALWAYS_SEARCH_USER_PATHS = NO;
				CLANG_CXX_LANGUAGE_STANDARD = "gnu++0x";
				CLANG_CXX_LIBRARY = "libc++";
				CLANG_ENABLE_MODULES = YES;
				CLANG_ENABLE_OBJC_ARC = YES;
				CLANG_WARN_BOOL_CONVERSION = YES;
				CLANG_WARN_CONSTANT_CONVERSION = YES;
				CLANG_WARN_DIRECT_OBJC_ISA_USAGE = YES_ERROR;
				CLANG_WARN_EMPTY_BODY = YES;
				CLANG_WARN_ENUM_CONVERSION = YES;
				CLANG_WARN_INT_CONVERSION = YES;
				CLANG_WARN_OBJC_ROOT_CLASS = YES_ERROR;
				CLANG_WARN_UNREACHABLE_CODE = YES;
				CLANG_WARN__DUPLICATE_METHOD_MATCH = YES;
				"CODE_SIGN_IDENTITY[sdk=iphoneos*]" = "iPhone Developer";
				COPY_PHASE_STRIP = YES;
				ENABLE_NS_ASSERTIONS = NO;
				ENABLE_STRICT_OBJC_MSGSEND = YES;
				GCC_C_LANGUAGE_STANDARD = gnu99;
				GCC_WARN_64_TO_32_BIT_CONVERSION = YES;
				GCC_WARN_ABOUT_RETURN_TYPE = YES_ERROR;
				GCC_WARN_UNDECLARED_SELECTOR = YES;
				GCC_WARN_UNINITIALIZED_AUTOS = YES_AGGRESSIVE;
				GCC_WARN_UNUSED_FUNCTION = YES;
				GCC_WARN_UNUSED_VARIABLE = YES;
				IPHONEOS_DEPLOYMENT_TARGET = 8.1;
				MTL_ENABLE_DEBUG_INFO = NO;
				SDKROOT = iphoneos;
				TARGETED_DEVICE_FAMILY = "1,2";
				VALIDATE_PRODUCT = YES;
			};
			name = Release;
		};
		37AF24341A8C22C600BCA497 /* Debug */ = {
			isa = XCBuildConfiguration;
			buildSettings = {
				ASSETCATALOG_COMPILER_APPICON_NAME = AppIcon;
				INFOPLIST_FILE = Sidewinder/Info.plist;
				LD_RUNPATH_SEARCH_PATHS = "$(inherited) @executable_path/Frameworks";
				PRODUCT_NAME = "$(TARGET_NAME)";
			};
			name = Debug;
		};
		37AF24351A8C22C600BCA497 /* Release */ = {
			isa = XCBuildConfiguration;
			buildSettings = {
				ASSETCATALOG_COMPILER_APPICON_NAME = AppIcon;
				INFOPLIST_FILE = Sidewinder/Info.plist;
				LD_RUNPATH_SEARCH_PATHS = "$(inherited) @executable_path/Frameworks";
				PRODUCT_NAME = "$(TARGET_NAME)";
			};
			name = Release;
		};
		37AF24371A8C22C600BCA497 /* Debug */ = {
			isa = XCBuildConfiguration;
			buildSettings = {
				BUNDLE_LOADER = "$(TEST_HOST)";
				FRAMEWORK_SEARCH_PATHS = (
					"$(SDKROOT)/Developer/Library/Frameworks",
					"$(inherited)",
				);
				GCC_PREPROCESSOR_DEFINITIONS = (
					"DEBUG=1",
					"$(inherited)",
				);
				INFOPLIST_FILE = SidewinderTests/Info.plist;
				LD_RUNPATH_SEARCH_PATHS = "$(inherited) @executable_path/Frameworks @loader_path/Frameworks";
				PRODUCT_NAME = "$(TARGET_NAME)";
				TEST_HOST = "$(BUILT_PRODUCTS_DIR)/Sidewinder.app/Sidewinder";
			};
			name = Debug;
		};
		37AF24381A8C22C600BCA497 /* Release */ = {
			isa = XCBuildConfiguration;
			buildSettings = {
				BUNDLE_LOADER = "$(TEST_HOST)";
				FRAMEWORK_SEARCH_PATHS = (
					"$(SDKROOT)/Developer/Library/Frameworks",
					"$(inherited)",
				);
				INFOPLIST_FILE = SidewinderTests/Info.plist;
				LD_RUNPATH_SEARCH_PATHS = "$(inherited) @executable_path/Frameworks @loader_path/Frameworks";
				PRODUCT_NAME = "$(TARGET_NAME)";
				TEST_HOST = "$(BUILT_PRODUCTS_DIR)/Sidewinder.app/Sidewinder";
			};
			name = Release;
		};
/* End XCBuildConfiguration section */

/* Begin XCConfigurationList section */
		37AF240F1A8C22C600BCA497 /* Build configuration list for PBXProject "Sidewinder" */ = {
			isa = XCConfigurationList;
			buildConfigurations = (
				37AF24311A8C22C600BCA497 /* Debug */,
				37AF24321A8C22C600BCA497 /* Release */,
			);
			defaultConfigurationIsVisible = 0;
			defaultConfigurationName = Release;
		};
		37AF24331A8C22C600BCA497 /* Build configuration list for PBXNativeTarget "Sidewinder" */ = {
			isa = XCConfigurationList;
			buildConfigurations = (
				37AF24341A8C22C600BCA497 /* Debug */,
				37AF24351A8C22C600BCA497 /* Release */,
			);
			defaultConfigurationIsVisible = 0;
		};
		37AF24361A8C22C600BCA497 /* Build configuration list for PBXNativeTarget "SidewinderTests" */ = {
			isa = XCConfigurationList;
			buildConfigurations = (
				37AF24371A8C22C600BCA497 /* Debug */,
				37AF24381A8C22C600BCA497 /* Release */,
			);
			defaultConfigurationIsVisible = 0;
		};
/* End XCConfigurationList section */
	};
	rootObject = 37AF240C1A8C22C600BCA497 /* Project object */;
}
